
Microsoft Visual Studio Solution File, Format Version 12.00
# Visual Studio 15
VisualStudioVersion = 15.0.26228.12
MinimumVisualStudioVersion = 10.0.40219.1
Project("{FAE04EC0-301F-11D3-BF4B-00C04F79EFBC}") = "FA.JustBlog.Core", "FA.JustBlog.Core\FA.JustBlog.Core.csproj", "{13A8BA1B-5641-494A-A2D0-7FEC36EE7A1D}"
EndProject
Project("{FAE04EC0-301F-11D3-BF4B-00C04F79EFBC}") = "FA.JustBlog.UnitTest", "FA.JustBlog.UnitTes\FA.JustBlog.UnitTest.csproj", "{A236EC81-F41C-4E45-BBB8-52E35909DF9E}"
EndProject
Project("{FAE04EC0-301F-11D3-BF4B-00C04F79EFBC}") = "FA.JustBlog", "FA.JustBlog\FA.JustBlog.csproj", "{F92F00D9-5B5D-4F0A-AA7F-20F9CF528383}"
EndProject
Global
	GlobalSection(SolutionConfigurationPlatforms) = preSolution
		Debug|Any CPU = Debug|Any CPU
		Release|Any CPU = Release|Any CPU
	EndGlobalSection
	GlobalSection(ProjectConfigurationPlatforms) = postSolution
		{13A8BA1B-5641-494A-A2D0-7FEC36EE7A1D}.Debug|Any CPU.ActiveCfg = Debug|Any CPU
		{13A8BA1B-5641-494A-A2D0-7FEC36EE7A1D}.Debug|Any CPU.Build.0 = Debug|Any CPU
		{13A8BA1B-5641-494A-A2D0-7FEC36EE7A1D}.Release|Any CPU.ActiveCfg = Release|Any CPU
		{13A8BA1B-5641-494A-A2D0-7FEC36EE7A1D}.Release|Any CPU.Build.0 = Release|Any CPU
		{A236EC81-F41C-4E45-BBB8-52E35909DF9E}.Debug|Any CPU.ActiveCfg = Debug|Any CPU
		{A236EC81-F41C-4E45-BBB8-52E35909DF9E}.Debug|Any CPU.Build.0 = Debug|Any CPU
		{A236EC81-F41C-4E45-BBB8-52E35909DF9E}.Release|Any CPU.ActiveCfg = Release|Any CPU
		{A236EC81-F41C-4E45-BBB8-52E35909DF9E}.Release|Any CPU.Build.0 = Release|Any CPU
		{F92F00D9-5B5D-4F0A-AA7F-20F9CF528383}.Debug|Any CPU.ActiveCfg = Debug|Any CPU
		{F92F00D9-5B5D-4F0A-AA7F-20F9CF528383}.Debug|Any CPU.Build.0 = Debug|Any CPU
		{F92F00D9-5B5D-4F0A-AA7F-20F9CF528383}.Release|Any CPU.ActiveCfg = Release|Any CPU
		{F92F00D9-5B5D-4F0A-AA7F-20F9CF528383}.Release|Any CPU.Build.0 = Release|Any CPU
	EndGlobalSection
	GlobalSection(SolutionProperties) = preSolution
		HideSolutionNode = FALSE
	EndGlobalSection
EndGlobal
